# Authenticated Linux Mint 22.3 Cinnamon input.
MINT_SIGNING_KEY_ID="27DEB15644C6B3CF3BD7D291300F846BA25BAE09"
MINT_SIGNING_FINGERPRINT="27DEB15644C6B3CF3BD7D291300F846BA25BAE09"
BASE_ISO_SHA256="a081ab202cfda17f6924128dbd2de8b63518ac0531bcfe3f1a1b88097c459bd4"

# Authenticated Google Chrome stable input. The package version and checksum
# are resolved from Google's signed APT metadata for every fetch.
GOOGLE_CHROME_PACKAGE="google-chrome-stable"
GOOGLE_CHROME_ARCH="amd64"
GOOGLE_CHROME_DEB_URL="https://dl.google.com/linux/direct/google-chrome-stable_current_amd64.deb"
GOOGLE_CHROME_APT_URL="https://dl.google.com/linux/chrome/deb"
GOOGLE_CHROME_SIGNING_KEY_URL="https://dl.google.com/linux/linux_signing_key.pub"
GOOGLE_CHROME_SIGNING_FINGERPRINT="EB4C1BFD4F042F6DDDCCEC917721F63BD38B4796"
GOOGLE_CHROME_INSTALLED_APT_URI="https://dl.google.com/linux/chrome-stable/deb/"

# Authenticated ONLYOFFICE Desktop Editors stable input. The package version
# and checksum are resolved from ONLYOFFICE's signed APT metadata for every
# fetch, while the package itself comes from the official website download.
ONLYOFFICE_PACKAGE="onlyoffice-desktopeditors"
ONLYOFFICE_ARCH="amd64"
ONLYOFFICE_DEB_URL="https://download.onlyoffice.com/install/desktop/editors/linux/onlyoffice-desktopeditors_amd64.deb"
ONLYOFFICE_APT_URL="https://download.onlyoffice.com/repo/debian"
ONLYOFFICE_APT_SUITE="squeeze"
ONLYOFFICE_SIGNING_KEY_URL="https://download.onlyoffice.com/GPG-KEY-ONLYOFFICE"
ONLYOFFICE_SIGNING_FINGERPRINT="E09CA29F6E178040EF22B4098320CA65CB2DE8E5"

# Authenticated Fcitx5 Lotus input. The Ubuntu codename is appended to the
# repository root for both the repository path and suite.
FCITX5_LOTUS_PACKAGE="fcitx5-lotus"
FCITX5_LOTUS_ARCH="amd64"
FCITX5_LOTUS_APT_ROOT="https://fcitx5-lotus.pages.dev/apt"
FCITX5_LOTUS_SIGNING_KEY_URL="https://fcitx5-lotus.pages.dev/pubkey.gpg"
FCITX5_LOTUS_SIGNING_FINGERPRINT="321E097BA44B5A53DB8BA81D55991878A14D5828"

# Authenticated Windows 10 Dark Cinnamon Spice input. The mutable official
# download URL is constrained by the committed archive size and SHA-256.
WINDOWS_10_DARK_THEME_UUID="Windows-10-Dark"
WINDOWS_10_DARK_THEME_NAME="Windows-10-Dark"
WINDOWS_10_DARK_THEME_URL="https://cinnamon-spices.linuxmint.com/files/themes/Windows-10-Dark.zip"
WINDOWS_10_DARK_THEME_CATALOG_COMMIT="deb844046fcf260a85d94c865aa83fd50e5b052b"
WINDOWS_10_DARK_THEME_SIZE="1165638"
WINDOWS_10_DARK_THEME_SHA256="5154158e055c035728b90095ff93045b1ed030280d149571c8a765e333d44d35"
WINDOWS_10_DARK_THEME_LICENSE="GPL-3.0"
